Microsoft Visual Studio Solution File, Format Version 12.00
# Visual Studio Version 17
VisualStudioVersion = 17.5.2.0
MinimumVisualStudioVersion = 10.0.40219.1
Project("{FAE04EC0-301F-11D3-BF4B-00C04F79EFBC}") = "GraduationProjectManagement", "GraduationProjectManagement.csproj", "{B124A9F3-A780-394C-D01D-8209B8D735C1}"
EndProject
Global
	GlobalSection(SolutionConfigurationPlatforms) = preSolution
		Debug|Any CPU = Debug|Any CPU
		Release|Any CPU = Release|Any CPU
	EndGlobalSection
	GlobalSection(ProjectConfigurationPlatforms) = postSolution
		{B124A9F3-A780-394C-D01D-8209B8D735C1}.Debug|Any CPU.ActiveCfg = Debug|Any CPU
		{B124A9F3-A780-394C-D01D-8209B8D735C1}.Debug|Any CPU.Build.0 = Debug|Any CPU
		{B124A9F3-A780-394C-D01D-8209B8D735C1}.Release|Any CPU.ActiveCfg = Release|Any CPU
		{B124A9F3-A780-394C-D01D-8209B8D735C1}.Release|Any CPU.Build.0 = Release|Any CPU
	EndGlobalSection
	GlobalSection(SolutionProperties) = preSolution
		HideSolutionNode = FALSE
	EndGlobalSection
	GlobalSection(ExtensibilityGlobals) = postSolution
		SolutionGuid = {699FD8A2-7C25-46A5-9761-794C5A5CD603}
	EndGlobalSection
EndGlobal
